
Microsoft Visual Studio Solution File, Format Version 12.00
# Visual Studio Version 17
VisualStudioVersion = 17.11.35219.272
MinimumVisualStudioVersion = 10.0.40219.1
Project("{8BC9CEB8-8B4A-11D0-8D11-00A0C91BC942}") = "001_format", "001\001.vcxproj", "{25E7A8C1-104C-4FD6-9801-D30474E30EA0}"
EndProject
Project("{8BC9CEB8-8B4A-11D0-8D11-00A0C91BC942}") = "002_score", "002\002.vcxproj", "{8F327BB3-4E40-4619-9425-31CDD1FE3057}"
EndProject
Project("{8BC9CEB8-8B4A-11D0-8D11-00A0C91BC942}") = "003_baseNumber", "003\003.vcxproj", "{BB0EA308-58AD-4FEF-B0A5-4DF05CA42207}"
EndProject
Project("{8BC9CEB8-8B4A-11D0-8D11-00A0C91BC942}") = "004_varibles", "004\004.vcxproj", "{70A6A8DA-BD9C-45BF-803D-80D1ECFE9169}"
EndProject
Project("{8BC9CEB8-8B4A-11D0-8D11-00A0C91BC942}") = "005_attendance", "005\005.vcxproj", "{14B8D60A-7FB5-4CA2-B812-BC75499EFB6F}"
EndProject
Project("{8BC9CEB8-8B4A-11D0-8D11-00A0C91BC942}") = "006_Celsius", "006\006.vcxproj", "{C0C6E131-342C-408D-B3B8-DA77DF21EF37}"
EndProject
Project("{8BC9CEB8-8B4A-11D0-8D11-00A0C91BC942}") = "007_bmi", "007_bmi\007_bmi.vcxproj", "{73F34277-0982-418B-AA48-FE0064BE8441}"
EndProject
Project("{8BC9CEB8-8B4A-11D0-8D11-00A0C91BC942}") = "008_float", "008\008.vcxproj", "{35FB9130-8EAF-48C9-80E0-E9CAD4BDC8EC}"
EndProject
Project("{8BC9CEB8-8B4A-11D0-8D11-00A0C91BC942}") = "009_sizeof", "009_sizeof\009_sizeof.vcxproj", "{81985D88-2E9A-421F-A96B-6B8F1ABC5273}"
EndProject
Project("{8BC9CEB8-8B4A-11D0-8D11-00A0C91BC942}") = "010_comparison operator", "010_\010_.vcxproj", "{3BE36DFB-8884-4E5B-B239-15D766F43347}"
EndProject
Project("{8BC9CEB8-8B4A-11D0-8D11-00A0C91BC942}") = "011_logical", "011_logical\011_logical.vcxproj", "{0755403A-E2C2-406B-A3A4-6F2AE5A4AAF6}"
EndProject
Project("{8BC9CEB8-8B4A-11D0-8D11-00A0C91BC942}") = "012_decimalNumber", "012_decimalNumber\012_decimalNumber.vcxproj", "{C70D18FA-5029-483B-B7CB-A5D77850B1D6}"
EndProject
Global
	GlobalSection(SolutionConfigurationPlatforms) = preSolution
		Debug|x64 = Debug|x64
		Debug|x86 = Debug|x86
		Release|x64 = Release|x64
		Release|x86 = Release|x86
	EndGlobalSection
	GlobalSection(ProjectConfigurationPlatforms) = postSolution
		{25E7A8C1-104C-4FD6-9801-D30474E30EA0}.Debug|x64.ActiveCfg = Debug|x64
		{25E7A8C1-104C-4FD6-9801-D30474E30EA0}.Debug|x64.Build.0 = Debug|x64
		{25E7A8C1-104C-4FD6-9801-D30474E30EA0}.Debug|x86.ActiveCfg = Debug|Win32
		{25E7A8C1-104C-4FD6-9801-D30474E30EA0}.Debug|x86.Build.0 = Debug|Win32
		{25E7A8C1-104C-4FD6-9801-D30474E30EA0}.Release|x64.ActiveCfg = Release|x64
		{25E7A8C1-104C-4FD6-9801-D30474E30EA0}.Release|x64.Build.0 = Release|x64
		{25E7A8C1-104C-4FD6-9801-D30474E30EA0}.Release|x86.ActiveCfg = Release|Win32
		{25E7A8C1-104C-4FD6-9801-D30474E30EA0}.Release|x86.Build.0 = Release|Win32
		{8F327BB3-4E40-4619-9425-31CDD1FE3057}.Debug|x64.ActiveCfg = Debug|x64
		{8F327BB3-4E40-4619-9425-31CDD1FE3057}.Debug|x64.Build.0 = Debug|x64
		{8F327BB3-4E40-4619-9425-31CDD1FE3057}.Debug|x86.ActiveCfg = Debug|Win32
		{8F327BB3-4E40-4619-9425-31CDD1FE3057}.Debug|x86.Build.0 = Debug|Win32
		{8F327BB3-4E40-4619-9425-31CDD1FE3057}.Release|x64.ActiveCfg = Release|x64
		{8F327BB3-4E40-4619-9425-31CDD1FE3057}.Release|x64.Build.0 = Release|x64
		{8F327BB3-4E40-4619-9425-31CDD1FE3057}.Release|x86.ActiveCfg = Release|Win32
		{8F327BB3-4E40-4619-9425-31CDD1FE3057}.Release|x86.Build.0 = Release|Win32
		{BB0EA308-58AD-4FEF-B0A5-4DF05CA42207}.Debug|x64.ActiveCfg = Debug|x64
		{BB0EA308-58AD-4FEF-B0A5-4DF05CA42207}.Debug|x64.Build.0 = Debug|x64
		{BB0EA308-58AD-4FEF-B0A5-4DF05CA42207}.Debug|x86.ActiveCfg = Debug|Win32
		{BB0EA308-58AD-4FEF-B0A5-4DF05CA42207}.Debug|x86.Build.0 = Debug|Win32
		{BB0EA308-58AD-4FEF-B0A5-4DF05CA42207}.Release|x64.ActiveCfg = Release|x64
		{BB0EA308-58AD-4FEF-B0A5-4DF05CA42207}.Release|x64.Build.0 = Release|x64
		{BB0EA308-58AD-4FEF-B0A5-4DF05CA42207}.Release|x86.ActiveCfg = Release|Win32
		{BB0EA308-58AD-4FEF-B0A5-4DF05CA42207}.Release|x86.Build.0 = Release|Win32
		{70A6A8DA-BD9C-45BF-803D-80D1ECFE9169}.Debug|x64.ActiveCfg = Debug|x64
		{70A6A8DA-BD9C-45BF-803D-80D1ECFE9169}.Debug|x64.Build.0 = Debug|x64
		{70A6A8DA-BD9C-45BF-803D-80D1ECFE9169}.Debug|x86.ActiveCfg = Debug|Win32
		{70A6A8DA-BD9C-45BF-803D-80D1ECFE9169}.Debug|x86.Build.0 = Debug|Win32
		{70A6A8DA-BD9C-45BF-803D-80D1ECFE9169}.Release|x64.ActiveCfg = Release|x64
		{70A6A8DA-BD9C-45BF-803D-80D1ECFE9169}.Release|x64.Build.0 = Release|x64
		{70A6A8DA-BD9C-45BF-803D-80D1ECFE9169}.Release|x86.ActiveCfg = Release|Win32
		{70A6A8DA-BD9C-45BF-803D-80D1ECFE9169}.Release|x86.Build.0 = Release|Win32
		{14B8D60A-7FB5-4CA2-B812-BC75499EFB6F}.Debug|x64.ActiveCfg = Debug|x64
		{14B8D60A-7FB5-4CA2-B812-BC75499EFB6F}.Debug|x64.Build.0 = Debug|x64
		{14B8D60A-7FB5-4CA2-B812-BC75499EFB6F}.Debug|x86.ActiveCfg = Debug|Win32
		{14B8D60A-7FB5-4CA2-B812-BC75499EFB6F}.Debug|x86.Build.0 = Debug|Win32
		{14B8D60A-7FB5-4CA2-B812-BC75499EFB6F}.Release|x64.ActiveCfg = Release|x64
		{14B8D60A-7FB5-4CA2-B812-BC75499EFB6F}.Release|x64.Build.0 = Release|x64
		{14B8D60A-7FB5-4CA2-B812-BC75499EFB6F}.Release|x86.ActiveCfg = Release|Win32
		{14B8D60A-7FB5-4CA2-B812-BC75499EFB6F}.Release|x86.Build.0 = Release|Win32
		{C0C6E131-342C-408D-B3B8-DA77DF21EF37}.Debug|x64.ActiveCfg = Debug|x64
		{C0C6E131-342C-408D-B3B8-DA77DF21EF37}.Debug|x64.Build.0 = Debug|x64
		{C0C6E131-342C-408D-B3B8-DA77DF21EF37}.Debug|x86.ActiveCfg = Debug|Win32
		{C0C6E131-342C-408D-B3B8-DA77DF21EF37}.Debug|x86.Build.0 = Debug|Win32
		{C0C6E131-342C-408D-B3B8-DA77DF21EF37}.Release|x64.ActiveCfg = Release|x64
		{C0C6E131-342C-408D-B3B8-DA77DF21EF37}.Release|x64.Build.0 = Release|x64
		{C0C6E131-342C-408D-B3B8-DA77DF21EF37}.Release|x86.ActiveCfg = Release|Win32
		{C0C6E131-342C-408D-B3B8-DA77DF21EF37}.Release|x86.Build.0 = Release|Win32
		{73F34277-0982-418B-AA48-FE0064BE8441}.Debug|x64.ActiveCfg = Debug|x64
		{73F34277-0982-418B-AA48-FE0064BE8441}.Debug|x64.Build.0 = Debug|x64
		{73F34277-0982-418B-AA48-FE0064BE8441}.Debug|x86.ActiveCfg = Debug|Win32
		{73F34277-0982-418B-AA48-FE0064BE8441}.Debug|x86.Build.0 = Debug|Win32
		{73F34277-0982-418B-AA48-FE0064BE8441}.Release|x64.ActiveCfg = Release|x64
		{73F34277-0982-418B-AA48-FE0064BE8441}.Release|x64.Build.0 = Release|x64
		{73F34277-0982-418B-AA48-FE0064BE8441}.Release|x86.ActiveCfg = Release|Win32
		{73F34277-0982-418B-AA48-FE0064BE8441}.Release|x86.Build.0 = Release|Win32
		{35FB9130-8EAF-48C9-80E0-E9CAD4BDC8EC}.Debug|x64.ActiveCfg = Debug|x64
		{35FB9130-8EAF-48C9-80E0-E9CAD4BDC8EC}.Debug|x64.Build.0 = Debug|x64
		{35FB9130-8EAF-48C9-80E0-E9CAD4BDC8EC}.Debug|x86.ActiveCfg = Debug|Win32
		{35FB9130-8EAF-48C9-80E0-E9CAD4BDC8EC}.Debug|x86.Build.0 = Debug|Win32
		{35FB9130-8EAF-48C9-80E0-E9CAD4BDC8EC}.Release|x64.ActiveCfg = Release|x64
		{35FB9130-8EAF-48C9-80E0-E9CAD4BDC8EC}.Release|x64.Build.0 = Release|x64
		{35FB9130-8EAF-48C9-80E0-E9CAD4BDC8EC}.Release|x86.ActiveCfg = Release|Win32
		{35FB9130-8EAF-48C9-80E0-E9CAD4BDC8EC}.Release|x86.Build.0 = Release|Win32
		{81985D88-2E9A-421F-A96B-6B8F1ABC5273}.Debug|x64.ActiveCfg = Debug|x64
		{81985D88-2E9A-421F-A96B-6B8F1ABC5273}.Debug|x64.Build.0 = Debug|x64
		{81985D88-2E9A-421F-A96B-6B8F1ABC5273}.Debug|x86.ActiveCfg = Debug|Win32
		{81985D88-2E9A-421F-A96B-6B8F1ABC5273}.Debug|x86.Build.0 = Debug|Win32
		{81985D88-2E9A-421F-A96B-6B8F1ABC5273}.Release|x64.ActiveCfg = Release|x64
		{81985D88-2E9A-421F-A96B-6B8F1ABC5273}.Release|x64.Build.0 = Release|x64
		{81985D88-2E9A-421F-A96B-6B8F1ABC5273}.Release|x86.ActiveCfg = Release|Win32
		{81985D88-2E9A-421F-A96B-6B8F1ABC5273}.Release|x86.Build.0 = Release|Win32
		{3BE36DFB-8884-4E5B-B239-15D766F43347}.Debug|x64.ActiveCfg = Debug|x64
		{3BE36DFB-8884-4E5B-B239-15D766F43347}.Debug|x64.Build.0 = Debug|x64
		{3BE36DFB-8884-4E5B-B239-15D766F43347}.Debug|x86.ActiveCfg = Debug|Win32
		{3BE36DFB-8884-4E5B-B239-15D766F43347}.Debug|x86.Build.0 = Debug|Win32
		{3BE36DFB-8884-4E5B-B239-15D766F43347}.Release|x64.ActiveCfg = Release|x64
		{3BE36DFB-8884-4E5B-B239-15D766F43347}.Release|x64.Build.0 = Release|x64
		{3BE36DFB-8884-4E5B-B239-15D766F43347}.Release|x86.ActiveCfg = Release|Win32
		{3BE36DFB-8884-4E5B-B239-15D766F43347}.Release|x86.Build.0 = Release|Win32
		{0755403A-E2C2-406B-A3A4-6F2AE5A4AAF6}.Debug|x64.ActiveCfg = Debug|x64
		{0755403A-E2C2-406B-A3A4-6F2AE5A4AAF6}.Debug|x64.Build.0 = Debug|x64
		{0755403A-E2C2-406B-A3A4-6F2AE5A4AAF6}.Debug|x86.ActiveCfg = Debug|Win32
		{0755403A-E2C2-406B-A3A4-6F2AE5A4AAF6}.Debug|x86.Build.0 = Debug|Win32
		{0755403A-E2C2-406B-A3A4-6F2AE5A4AAF6}.Release|x64.ActiveCfg = Release|x64
		{0755403A-E2C2-406B-A3A4-6F2AE5A4AAF6}.Release|x64.Build.0 = Release|x64
		{0755403A-E2C2-406B-A3A4-6F2AE5A4AAF6}.Release|x86.ActiveCfg = Release|Win32
		{0755403A-E2C2-406B-A3A4-6F2AE5A4AAF6}.Release|x86.Build.0 = Release|Win32
		{C70D18FA-5029-483B-B7CB-A5D77850B1D6}.Debug|x64.ActiveCfg = Debug|x64
		{C70D18FA-5029-483B-B7CB-A5D77850B1D6}.Debug|x64.Build.0 = Debug|x64
		{C70D18FA-5029-483B-B7CB-A5D77850B1D6}.Debug|x86.ActiveCfg = Debug|Win32
		{C70D18FA-5029-483B-B7CB-A5D77850B1D6}.Debug|x86.Build.0 = Debug|Win32
		{C70D18FA-5029-483B-B7CB-A5D77850B1D6}.Release|x64.ActiveCfg = Release|x64
		{C70D18FA-5029-483B-B7CB-A5D77850B1D6}.Release|x64.Build.0 = Release|x64
		{C70D18FA-5029-483B-B7CB-A5D77850B1D6}.Release|x86.ActiveCfg = Release|Win32
		{C70D18FA-5029-483B-B7CB-A5D77850B1D6}.Release|x86.Build.0 = Release|Win32
	EndGlobalSection
	GlobalSection(SolutionProperties) = preSolution
		HideSolutionNode = FALSE
	EndGlobalSection
	GlobalSection(ExtensibilityGlobals) = postSolution
		SolutionGuid = {75674AD8-5ACD-4472-89AB-8D4F26CC1CD6}
	EndGlobalSection
EndGlobal
